
Microsoft Visual Studio Solution File, Format Version 12.00
# Visual Studio Version 17
VisualStudioVersion = 17.1.32328.378
MinimumVisualStudioVersion = 10.0.40219.1
Project("{9A19103F-16F7-4668-BE54-9A1E7A4F7556}") = "FeatureLoom", "FeatureLoom\FeatureLoom.csproj", "{52D3F346-B06A-419C-87E9-11BD1C3155D9}"
	ProjectSection(ProjectDependencies) = postProject
		{C567871F-12F0-4145-8297-ACB2523B569A} = {C567871F-12F0-4145-8297-ACB2523B569A}
	EndProjectSection
EndProject
Project("{9A19103F-16F7-4668-BE54-9A1E7A4F7556}") = "FeatureLoom.Tests", "FeatureLoom.Tests\FeatureLoom.Tests.csproj", "{8AEACB46-3C74-4BC7-AF3E-B79DD8D2812B}"
	ProjectSection(ProjectDependencies) = postProject
		{52D3F346-B06A-419C-87E9-11BD1C3155D9} = {52D3F346-B06A-419C-87E9-11BD1C3155D9}
	EndProjectSection
EndProject
Project("{9A19103F-16F7-4668-BE54-9A1E7A4F7556}") = "FeatureRpcClient", "FeatureRpcClient\FeatureRpcClient.csproj", "{06E13AAB-5F65-4702-A130-7F0BA630E6BB}"
	ProjectSection(ProjectDependencies) = postProject
		{52D3F346-B06A-419C-87E9-11BD1C3155D9} = {52D3F346-B06A-419C-87E9-11BD1C3155D9}
	EndProjectSection
EndProject
Project("{9A19103F-16F7-4668-BE54-9A1E7A4F7556}") = "Playground", "Playground\Playground.csproj", "{6C97590A-4E81-4752-8747-237A909E9799}"
	ProjectSection(ProjectDependencies) = postProject
		{52D3F346-B06A-419C-87E9-11BD1C3155D9} = {52D3F346-B06A-419C-87E9-11BD1C3155D9}
	EndProjectSection
EndProject
Project("{FAE04EC0-301F-11D3-BF4B-00C04F79EFBC}") = "FeatureLoom.Forms", "FeatureLoom.Forms\FeatureLoom.Forms.csproj", "{6ABB1FCC-6E5A-4934-9782-7381B2F492B6}"
	ProjectSection(ProjectDependencies) = postProject
		{C567871F-12F0-4145-8297-ACB2523B569A} = {C567871F-12F0-4145-8297-ACB2523B569A}
	EndProjectSection
EndProject
Project("{9A19103F-16F7-4668-BE54-9A1E7A4F7556}") = "FeatureLoom.PerformanceTests", "FeatureLoom.PerformanceTests\FeatureLoom.PerformanceTests.csproj", "{8FB64CBB-2D41-4EB1-9664-5EAEB0678893}"
	ProjectSection(ProjectDependencies) = postProject
		{52D3F346-B06A-419C-87E9-11BD1C3155D9} = {52D3F346-B06A-419C-87E9-11BD1C3155D9}
	EndProjectSection
EndProject
Project("{FAE04EC0-301F-11D3-BF4B-00C04F79EFBC}") = "FormsPlayground", "FormsPlayground\FormsPlayground.csproj", "{CDC56769-CCFD-405E-B5DB-EBB5B913BC16}"
	ProjectSection(ProjectDependencies) = postProject
		{C567871F-12F0-4145-8297-ACB2523B569A} = {C567871F-12F0-4145-8297-ACB2523B569A}
		{52D3F346-B06A-419C-87E9-11BD1C3155D9} = {52D3F346-B06A-419C-87E9-11BD1C3155D9}
		{6ABB1FCC-6E5A-4934-9782-7381B2F492B6} = {6ABB1FCC-6E5A-4934-9782-7381B2F492B6}
	EndProjectSection
EndProject
Project("{9A19103F-16F7-4668-BE54-9A1E7A4F7556}") = "FeatureLoom.Core", "FeatureLoom.Core\FeatureLoom.Core.csproj", "{C567871F-12F0-4145-8297-ACB2523B569A}"
EndProject
Project("{2150E333-8FDC-42A3-9474-1A3956D46DE8}") = "Solution Items", "Solution Items", "{AFBB8D78-0EEA-4D12-BF6A-A04C529C9A32}"
	ProjectSection(SolutionItems) = preProject
		.editorconfig = .editorconfig
	EndProjectSection
EndProject
Global
	GlobalSection(SolutionConfigurationPlatforms) = preSolution
		Debug|Any CPU = Debug|Any CPU
		Release|Any CPU = Release|Any CPU
	EndGlobalSection
	GlobalSection(ProjectConfigurationPlatforms) = postSolution
		{52D3F346-B06A-419C-87E9-11BD1C3155D9}.Debug|Any CPU.ActiveCfg = Debug|Any CPU
		{52D3F346-B06A-419C-87E9-11BD1C3155D9}.Debug|Any CPU.Build.0 = Debug|Any CPU
		{52D3F346-B06A-419C-87E9-11BD1C3155D9}.Release|Any CPU.ActiveCfg = Release|Any CPU
		{52D3F346-B06A-419C-87E9-11BD1C3155D9}.Release|Any CPU.Build.0 = Release|Any CPU
		{8AEACB46-3C74-4BC7-AF3E-B79DD8D2812B}.Debug|Any CPU.ActiveCfg = Debug|Any CPU
		{8AEACB46-3C74-4BC7-AF3E-B79DD8D2812B}.Debug|Any CPU.Build.0 = Debug|Any CPU
		{8AEACB46-3C74-4BC7-AF3E-B79DD8D2812B}.Release|Any CPU.ActiveCfg = Release|Any CPU
		{8AEACB46-3C74-4BC7-AF3E-B79DD8D2812B}.Release|Any CPU.Build.0 = Release|Any CPU
		{06E13AAB-5F65-4702-A130-7F0BA630E6BB}.Debug|Any CPU.ActiveCfg = Debug|Any CPU
		{06E13AAB-5F65-4702-A130-7F0BA630E6BB}.Debug|Any CPU.Build.0 = Debug|Any CPU
		{06E13AAB-5F65-4702-A130-7F0BA630E6BB}.Release|Any CPU.ActiveCfg = Release|Any CPU
		{06E13AAB-5F65-4702-A130-7F0BA630E6BB}.Release|Any CPU.Build.0 = Release|Any CPU
		{6C97590A-4E81-4752-8747-237A909E9799}.Debug|Any CPU.ActiveCfg = Debug|Any CPU
		{6C97590A-4E81-4752-8747-237A909E9799}.Debug|Any CPU.Build.0 = Debug|Any CPU
		{6C97590A-4E81-4752-8747-237A909E9799}.Release|Any CPU.ActiveCfg = Release|Any CPU
		{6C97590A-4E81-4752-8747-237A909E9799}.Release|Any CPU.Build.0 = Release|Any CPU
		{6ABB1FCC-6E5A-4934-9782-7381B2F492B6}.Debug|Any CPU.ActiveCfg = Debug|Any CPU
		{6ABB1FCC-6E5A-4934-9782-7381B2F492B6}.Debug|Any CPU.Build.0 = Debug|Any CPU
		{6ABB1FCC-6E5A-4934-9782-7381B2F492B6}.Release|Any CPU.ActiveCfg = Release|Any CPU
		{6ABB1FCC-6E5A-4934-9782-7381B2F492B6}.Release|Any CPU.Build.0 = Release|Any CPU
		{8FB64CBB-2D41-4EB1-9664-5EAEB0678893}.Debug|Any CPU.ActiveCfg = Debug|Any CPU
		{8FB64CBB-2D41-4EB1-9664-5EAEB0678893}.Debug|Any CPU.Build.0 = Debug|Any CPU
		{8FB64CBB-2D41-4EB1-9664-5EAEB0678893}.Release|Any CPU.ActiveCfg = Release|Any CPU
		{8FB64CBB-2D41-4EB1-9664-5EAEB0678893}.Release|Any CPU.Build.0 = Release|Any CPU
		{CDC56769-CCFD-405E-B5DB-EBB5B913BC16}.Debug|Any CPU.ActiveCfg = Debug|Any CPU
		{CDC56769-CCFD-405E-B5DB-EBB5B913BC16}.Debug|Any CPU.Build.0 = Debug|Any CPU
		{CDC56769-CCFD-405E-B5DB-EBB5B913BC16}.Release|Any CPU.ActiveCfg = Release|Any CPU
		{CDC56769-CCFD-405E-B5DB-EBB5B913BC16}.Release|Any CPU.Build.0 = Release|Any CPU
		{C567871F-12F0-4145-8297-ACB2523B569A}.Debug|Any CPU.ActiveCfg = Debug|Any CPU
		{C567871F-12F0-4145-8297-ACB2523B569A}.Debug|Any CPU.Build.0 = Debug|Any CPU
		{C567871F-12F0-4145-8297-ACB2523B569A}.Release|Any CPU.ActiveCfg = Release|Any CPU
		{C567871F-12F0-4145-8297-ACB2523B569A}.Release|Any CPU.Build.0 = Release|Any CPU
	EndGlobalSection
	GlobalSection(SolutionProperties) = preSolution
		HideSolutionNode = FALSE
	EndGlobalSection
	GlobalSection(ExtensibilityGlobals) = postSolution
		SolutionGuid = {3751328E-8AA3-4D29-B230-AF9B456AAFF7}
	EndGlobalSection
EndGlobal
