{
  "version": 1,
  "dependencies": {
    ".NETStandard,Version=v2.0": {
      "Microsoft.AspNetCore.Server.Kestrel": {
        "type": "Direct",
        "requested": "[2.2.0, )",
        "resolved": "2.2.0",
        "contentHash": "zs+XTC0u0eStJeLmQV/QsRkA2VKXgdgxC5qaQ3J8j0MjUQwYwUnIIUffSnQ+taWs9LK39ngEgQEnsYibkFIlTA==",
        "dependencies": {
          "Microsoft.AspNetCore.Hosting": "2.2.0",
          "Microsoft.AspNetCore.Server.Kestrel.Core": "2.2.0",
          "Microsoft.AspNetCore.Server.Kestrel.Https": "2.2.0",
          "Microsoft.AspNetCore.Server.Kestrel.Transport.Sockets": "2.2.0"
        }
      },
      "NETStandard.Library": {
        "type": "Direct",
        "requested": "[2.0.3, )",
        "resolved": "2.0.3",
        "contentHash": "st47PosZSHrjECdjeIzZQbzivYBJFv6P2nv4cj2ypdI204DO+vZ7l5raGMiX4eXMJ53RfOIg+/s4DHVZ54Nu2A==",
        "dependencies": {
          "Microsoft.NETCore.Platforms": "1.1.0"
        }
      },
      "Newtonsoft.Json": {
        "type": "Direct",
        "requested": "[12.0.3, )",
        "resolved": "12.0.3",
        "contentHash": "6mgjfnRB4jKMlzHSl+VD+oUc1IebOZabkbyWj2RiTgWwYPPuaK1H97G1sHqGwPlS5npiF5Q0OrxN1wni2n5QWg=="
      },
      "System.Runtime.Caching": {
        "type": "Direct",
        "requested": "[4.7.0, )",
        "resolved": "4.7.0",
        "contentHash": "NdvNRjTPxYvIEhXQszT9L9vJhdQoX6AQ0AlhjTU+5NqFQVuacJTfhPVAvtGWNA2OJCqRiR/okBcZgMwI6MqcZg==",
        "dependencies": {
          "System.Configuration.ConfigurationManager": "4.7.0"
        }
      },
      "Microsoft.AspNetCore.Connections.Abstractions": {
        "type": "Transitive",
        "resolved": "2.2.0",
        "contentHash": "Pr7Nqi4dqmcvEcQJn865oOEyGmvxz22QTxDxKLwTed3sfVXqqdn5H08ctwtFWTpdauPolko3e01gOQWJrq6/2g==",
        "dependencies": {
          "Microsoft.AspNetCore.Http.Features": "2.2.0",
          "System.IO.Pipelines": "4.5.2"
        }
      },
      "Microsoft.AspNetCore.Hosting": {
        "type": "Transitive",
        "resolved": "2.2.0",
        "contentHash": "YJmyRNkRrfjhohF9vpgSN7e3f0CS4x2VJ6VYrRCQoP82A+Rlp1SsZpkrExAvetk/acXgk5c9OyHDh7lb8GqWRg==",
        "dependencies": {
          "Microsoft.AspNetCore.Hosting.Abstractions": "2.2.0",
          "Microsoft.AspNetCore.Http": "2.2.0",
          "Microsoft.AspNetCore.Http.Extensions": "2.2.0",
          "Microsoft.Extensions.Configuration": "2.2.0",
          "Microsoft.Extensions.Configuration.EnvironmentVariables": "2.2.0",
          "Microsoft.Extensions.Configuration.FileExtensions": "2.2.0",
          "Microsoft.Extensions.DependencyInjection": "2.2.0",
          "Microsoft.Extensions.FileProviders.Physical": "2.2.0",
          "Microsoft.Extensions.Hosting.Abstractions": "2.2.0",
          "Microsoft.Extensions.Logging": "2.2.0",
          "Microsoft.Extensions.Options": "2.2.0",
          "System.Diagnostics.DiagnosticSource": "4.5.0",
          "System.Reflection.Metadata": "1.6.0"
        }
      },
      "Microsoft.AspNetCore.Hosting.Abstractions": {
        "type": "Transitive",
        "resolved": "2.2.0",
        "contentHash": "qQDWoHwF+ABmxTary/pEpUX7f1hCoQhk0RDnJuMlOZ+dPFp/uvk+9sxZU6w/c8EL9jPlfuYOOQJGPETUv/NNXA==",
        "dependencies": {
          "Microsoft.AspNetCore.Hosting.Server.Abstractions": "2.2.0",
          "Microsoft.AspNetCore.Http.Abstractions": "2.2.0",
          "Microsoft.Extensions.Hosting.Abstractions": "2.2.0"
        }
      },
      "Microsoft.AspNetCore.Hosting.Server.Abstractions": {
        "type": "Transitive",
        "resolved": "2.2.0",
        "contentHash": "p4dTiP1O/HRpwMxYATRSeekzHTv5pwh3rxPQwtbO21/xf0nbeCRswFtXQ2KJwdt7phfDZ4K9HmcCviBF1JgZLg==",
        "dependencies": {
          "Microsoft.AspNetCore.Http.Features": "2.2.0",
          "Microsoft.Extensions.Configuration.Abstractions": "2.2.0"
        }
      },
      "Microsoft.AspNetCore.Http": {
        "type": "Transitive",
        "resolved": "2.2.0",
        "contentHash": "Cn7ILZSQikKnJb4lhEfVxxk+CsQ36ZxVzOrzDUmqGOp9BJP3LqVYYTo/2vGgQlSo3GD4R8fDfAflX8s9vXlz/g==",
        "dependencies": {
          "Microsoft.AspNetCore.Http.Abstractions": "2.2.0",
          "Microsoft.AspNetCore.WebUtilities": "2.2.0",
          "Microsoft.Extensions.ObjectPool": "2.2.0",
          "Microsoft.Extensions.Options": "2.2.0",
          "Microsoft.Net.Http.Headers": "2.2.0"
        }
      },
      "Microsoft.AspNetCore.Http.Abstractions": {
        "type": "Transitive",
        "resolved": "2.2.0",
        "contentHash": "0LM0wYbsvYnW11k8qh0DDWEEx/p6QaDqpcLlMyhDOmNW9KgprRh9ghTACfeOCo1hRqdktUMp6qguzOKixIL13w==",
        "dependencies": {
          "Microsoft.AspNetCore.Http.Features": "2.2.0",
          "System.Text.Encodings.Web": "4.5.0"
        }
      },
      "Microsoft.AspNetCore.Http.Extensions": {
        "type": "Transitive",
        "resolved": "2.2.0",
        "contentHash": "wXfB68sp3X+6/TLUHVF5eiscn9iGptGEwjJyk4yBbbOAVJECE59/KUun6sT+JlNcNCWEWE0S7Ew+yMD6bm3rrQ==",
        "dependencies": {
          "Microsoft.AspNetCore.Http.Abstractions": "2.2.0",
          "Microsoft.Extensions.FileProviders.Abstractions": "2.2.0",
          "Microsoft.Net.Http.Headers": "2.2.0",
          "System.Buffers": "4.5.0"
        }
      },
      "Microsoft.AspNetCore.Http.Features": {
        "type": "Transitive",
        "resolved": "2.2.0",
        "contentHash": "jvu74/kOgIDCnAH9Xu2/wITrSagDp1L4OJ+pTrxWzOdpNc7lDtfPrywBe7h9CUkAx/895L9i3r70vf5lgoBrcw==",
        "dependencies": {
          "Microsoft.Extensions.Primitives": "2.2.0"
        }
      },
      "Microsoft.AspNetCore.Server.Kestrel.Core": {
        "type": "Transitive",
        "resolved": "2.2.0",
        "contentHash": "W02UcgugxY+CRXnZRdHpq3c00HRGWgxRq1Fk0po6L9taJLRl7BKhI1mTMRoSz0b07LXy2ajHRL7SWBuwg50faw==",
        "dependencies": {
          "Microsoft.AspNetCore.Hosting.Abstractions": "2.2.0",
          "Microsoft.AspNetCore.Http": "2.2.0",
          "Microsoft.AspNetCore.Server.Kestrel.Transport.Abstractions": "2.2.0",
          "Microsoft.AspNetCore.WebUtilities": "2.2.0",
          "Microsoft.Extensions.Configuration.Binder": "2.2.0",
          "Microsoft.Extensions.Logging.Abstractions": "2.2.0",
          "Microsoft.Extensions.Options": "2.2.0",
          "Microsoft.Net.Http.Headers": "2.2.0",
          "System.Memory": "4.5.1",
          "System.Numerics.Vectors": "4.5.0",
          "System.Runtime.CompilerServices.Unsafe": "4.5.1",
          "System.Security.Cryptography.Cng": "4.5.0",
          "System.Threading.Tasks.Extensions": "4.5.1"
        }
      },
      "Microsoft.AspNetCore.Server.Kestrel.Https": {
        "type": "Transitive",
        "resolved": "2.2.0",
        "contentHash": "KniGLjOx38+K5DvhX+eh2I8+pOM0R7ZjTRALDSitSsYcmlIYkAdtSEJtEH5CAHuCtT9L58YP3r5sirRpec9r/w==",
        "dependencies": {
          "Microsoft.AspNetCore.Http.Abstractions": "2.2.0",
          "Microsoft.AspNetCore.Server.Kestrel.Core": "2.2.0"
        }
      },
      "Microsoft.AspNetCore.Server.Kestrel.Transport.Abstractions": {
        "type": "Transitive",
        "resolved": "2.2.0",
        "contentHash": "WOGP4le2RHaAQwgXqsgbl3fOppmEUVP9LjTLnVSdLjr46ud9JPpd8fuAFR5DKq1RUBJ8aEfms0yZuR7m0WTCSw==",
        "dependencies": {
          "Microsoft.AspNetCore.Connections.Abstractions": "2.2.0"
        }
      },
      "Microsoft.AspNetCore.Server.Kestrel.Transport.Sockets": {
        "type": "Transitive",
        "resolved": "2.2.0",
        "contentHash": "PwG1DMmg6QJI+cHXJGjNG+HPBerMnolOj9gUlVF9Y0G2MfLov5f0nMSy3iYiWgQT1tgFAmQ3reVOsfwztH/ZLw==",
        "dependencies": {
          "Microsoft.AspNetCore.Hosting.Abstractions": "2.2.0",
          "Microsoft.AspNetCore.Server.Kestrel.Transport.Abstractions": "2.2.0",
          "Microsoft.Extensions.Options": "2.2.0"
        }
      },
      "Microsoft.AspNetCore.WebUtilities": {
        "type": "Transitive",
        "resolved": "2.2.0",
        "contentHash": "8/l+O/3kTBVjNUcxvYcgY/fnLQf01GzG8VmoASdhYYunmKIcCimk+aY6SvV/3tuQBVkZJV+pcHCQ1+XyjEqfyQ==",
        "dependencies": {
          "Microsoft.Net.Http.Headers": "2.2.0",
          "System.Text.Encodings.Web": "4.5.0"
        }
      },
      "Microsoft.Extensions.Configuration": {
        "type": "Transitive",
        "resolved": "2.2.0",
        "contentHash": "0MtJgCZ5tIw7LoxOlXlifwVTwfMd4YdMJ9+DVZyX/fqqXO9zseZ8hH2WxbJzDbBDp45nA8rwHlL4JH/6Z98B4w==",
        "dependencies": {
          "Microsoft.Extensions.Configuration.Abstractions": "2.2.0"
        }
      },
      "Microsoft.Extensions.Configuration.Abstractions": {
        "type": "Transitive",
        "resolved": "2.2.0",
        "contentHash": "M6u4cMWXxPtqyJJ03oezyqTORmSgTPpa2gZRKkEGCXXHhyGnM1cHjPTzq5sevYS1VJEMb2TZj60mAc+hDoPPcQ==",
        "dependencies": {
          "Microsoft.Extensions.Primitives": "2.2.0"
        }
      },
      "Microsoft.Extensions.Configuration.Binder": {
        "type": "Transitive",
        "resolved": "2.2.0",
        "contentHash": "6ANwTuQZqIIt0guKAdS9Mn6c+PfhOBpqRm7FslUJqtG000uo0Cd3pAndk92RQq0ygDFRub/ftiRy8DukWXqNzQ==",
        "dependencies": {
          "Microsoft.Extensions.Configuration": "2.2.0"
        }
      },
      "Microsoft.Extensions.Configuration.EnvironmentVariables": {
        "type": "Transitive",
        "resolved": "2.2.0",
        "contentHash": "ZjqIn6gtKmAXJa5pWh9n+foC1kDR148LhnnVgbxQcyRC+YR1aWEuiUh2Z3FvSXir/JlnAL+cwqA54dCZVo/LrQ==",
        "dependencies": {
          "Microsoft.Extensions.Configuration": "2.2.0"
        }
      },
      "Microsoft.Extensions.Configuration.FileExtensions": {
        "type": "Transitive",
        "resolved": "2.2.0",
        "contentHash": "BnkmTopJ7m+p0/EBshdJmoWroUvMlu+oA+bDvzEWh3WA9rOYdnTZueQ7Ap1oSfUnHnPBnuWae/ED8hHlM/sQxA==",
        "dependencies": {
          "Microsoft.Extensions.Configuration": "2.2.0",
          "Microsoft.Extensions.FileProviders.Physical": "2.2.0"
        }
      },
      "Microsoft.Extensions.DependencyInjection": {
        "type": "Transitive",
        "resolved": "2.2.0",
        "contentHash": "ASF77AJjnyi9hL7IJU1KCAvnCTgI3JEwkU+D4gnKd53nFIYpibVjR6SW8tdTkkuZ+QkmIx2rPvKdTMNVPfVU9A==",
        "dependencies": {
          "Microsoft.Extensions.DependencyInjection.Abstractions": "2.2.0"
        }
      },
      "Microsoft.Extensions.DependencyInjection.Abstractions": {
        "type": "Transitive",
        "resolved": "2.2.0",
        "contentHash": "2xMk9LHz1EY+7gVG0lG4qBvkUiVjg8QNPqd2HYmEP5+PL7Ayo96EhBieAhd++Gx4yM+xN8kNqmhZdFMBHeG0HQ=="
      },
      "Microsoft.Extensions.FileProviders.Abstractions": {
        "type": "Transitive",
        "resolved": "2.2.0",
        "contentHash": "33vTyijzAVEfbuNFts68R7bW02cJMiw21MFgMBk+XL+thcbv335PVD1+DdMSvN6e5DeAR4OmPSRsKIr86Yk4qg==",
        "dependencies": {
          "Microsoft.Extensions.Primitives": "2.2.0"
        }
      },
      "Microsoft.Extensions.FileProviders.Physical": {
        "type": "Transitive",
        "resolved": "2.2.0",
        "contentHash": "Qt6sUa56/XbLxYshrCzwJYhHO9TkVa9Adch1qVqr7PGuLCxRs3K7nGMv3I6msUvAJqiJE33Oexz6KrT4hcUHgA==",
        "dependencies": {
          "Microsoft.Extensions.FileProviders.Abstractions": "2.2.0",
          "Microsoft.Extensions.FileSystemGlobbing": "2.2.0"
        }
      },
      "Microsoft.Extensions.FileSystemGlobbing": {
        "type": "Transitive",
        "resolved": "2.2.0",
        "contentHash": "WGASE48sldx5PHrmxpmW0qFJ0M0mZXhF9IgdBDTSNmnys7Qfw7xTuHs/nmbA1Wo8Y8XFI7K2cJKf9Ql/nBK4Rw=="
      },
      "Microsoft.Extensions.Hosting.Abstractions": {
        "type": "Transitive",
        "resolved": "2.2.0",
        "contentHash": "Uupv0fAgMVBgx6xKnlm4TRrD+aTBQBXCr1QxDFREK+oQ4wrG2lCEmIeqn0YhS17H8T+bRKXTyFBCB5LrOZelWw==",
        "dependencies": {
          "Microsoft.Extensions.Configuration.Abstractions": "2.2.0",
          "Microsoft.Extensions.DependencyInjection.Abstractions": "2.2.0",
          "Microsoft.Extensions.FileProviders.Abstractions": "2.2.0",
          "Microsoft.Extensions.Logging.Abstractions": "2.2.0"
        }
      },
      "Microsoft.Extensions.Logging": {
        "type": "Transitive",
        "resolved": "2.2.0",
        "contentHash": "wa1Uk8sVuEzHtwZPoDNhQiFDjlDe9t74+Iess26uqhIwn02T79v/GB/pLCJ08MOvuM953LfleJW6VPr/wVXCJw==",
        "dependencies": {
          "Microsoft.Extensions.Configuration.Binder": "2.2.0",
          "Microsoft.Extensions.DependencyInjection.Abstractions": "2.2.0",
          "Microsoft.Extensions.Logging.Abstractions": "2.2.0",
          "Microsoft.Extensions.Options": "2.2.0"
        }
      },
      "Microsoft.Extensions.Logging.Abstractions": {
        "type": "Transitive",
        "resolved": "2.2.0",
        "contentHash": "1iYT6BAnJZGebfclQXiM/drK+JUztSikkpT3xcASBQW4og877bsXtjqrMM4EI71nf8UVtvHt6O8pMdYDEE8/Lw=="
      },
      "Microsoft.Extensions.ObjectPool": {
        "type": "Transitive",
        "resolved": "2.2.0",
        "contentHash": "yVTBjTKz1LK+Ouiem03EmMNfeOHZ2zAoptKeY0QY3NAId8luWTj/WJqGkqqifDpUpCDqf3m9RJF+Zf7UDnLNkg=="
      },
      "Microsoft.Extensions.Options": {
        "type": "Transitive",
        "resolved": "2.2.0",
        "contentHash": "67zpvElD/YPcfRs1Qm58LSntnSm+kYSA+0PA4+0Abo7NEH4RAvUkV54krspsa0+S4yBZ/m39gUOdn3PSzffazQ==",
        "dependencies": {
          "Microsoft.Extensions.DependencyInjection.Abstractions": "2.2.0",
          "Microsoft.Extensions.Primitives": "2.2.0",
          "System.ComponentModel.Annotations": "4.5.0"
        }
      },
      "Microsoft.Extensions.Primitives": {
        "type": "Transitive",
        "resolved": "2.2.0",
        "contentHash": "vpH+o7f8obVx65PiEtBXxTwL5RosK60fNIMy/y8WGE4/r4IvAqQGukOzMhxsp//Accvd7kmukyQTVkqVYdaDyA==",
        "dependencies": {
          "System.Memory": "4.5.1",
          "System.Runtime.CompilerServices.Unsafe": "4.5.1"
        }
      },
      "Microsoft.Net.Http.Headers": {
        "type": "Transitive",
        "resolved": "2.2.0",
        "contentHash": "eiimzOKCgMyHUTR6604ZDZDpfc+5MK0VJAEPsBo8yF96ZBXHRS2ERe7SkyffoEN8sz/0NLa0MFngb5DwOwTqZQ==",
        "dependencies": {
          "Microsoft.Extensions.Primitives": "2.2.0",
          "System.Buffers": "4.5.0"
        }
      },
      "Microsoft.NETCore.Platforms": {
        "type": "Transitive",
        "resolved": "1.1.0",
        "contentHash": "a/iSwnRZb+LHFk49hQOyThh/ZNC3vsbZsF65XwQIb863qF6msmhdQtxGXFL28Ob2NsCz/drEj28BJd/YPpLRBg=="
      },
      "System.Buffers": {
        "type": "Transitive",
        "resolved": "4.5.0",
        "contentHash": "pL2ChpaRRWI/p4LXyy4RgeWlYF2sgfj/pnVMvBqwNFr5cXg7CXNnWZWxrOONLg8VGdFB8oB+EG2Qw4MLgTOe+A=="
      },
      "System.Collections.Immutable": {
        "type": "Transitive",
        "resolved": "1.5.0",
        "contentHash": "EXKiDFsChZW0RjrZ4FYHu9aW6+P4MCgEDCklsVseRfhoO0F+dXeMSsMRAlVXIo06kGJ/zv+2w1a2uc2+kxxSaQ=="
      },
      "System.ComponentModel.Annotations": {
        "type": "Transitive",
        "resolved": "4.5.0",
        "contentHash": "UxYQ3FGUOtzJ7LfSdnYSFd7+oEv6M8NgUatatIN2HxNtDdlcvFAf+VIq4Of9cDMJEJC0aSRv/x898RYhB4Yppg=="
      },
      "System.Configuration.ConfigurationManager": {
        "type": "Transitive",
        "resolved": "4.7.0",
        "contentHash": "/anOTeSZCNNI2zDilogWrZ8pNqCmYbzGNexUnNhjW8k0sHqEZ2nHJBp147jBV3hGYswu5lINpNg1vxR7bnqvVA==",
        "dependencies": {
          "System.Security.Cryptography.ProtectedData": "4.7.0",
          "System.Security.Permissions": "4.7.0"
        }
      },
      "System.Diagnostics.DiagnosticSource": {
        "type": "Transitive",
        "resolved": "4.5.0",
        "contentHash": "eIHRELiYDQvsMToML81QFkXEEYXUSUT2F28t1SGrevWqP+epFdw80SyAXIKTXOHrIEXReFOEnEr7XlGiC2GgOg=="
      },
      "System.IO.Pipelines": {
        "type": "Transitive",
        "resolved": "4.5.2",
        "contentHash": "w+rt22tsDE5mwCZ+erMQMXfkoGwJL1RWlZxq49WD2/tLDnzHjoV5b/a3ns0tJdtP+SyR7JJO+6IFe8EWOHjTIg==",
        "dependencies": {
          "System.Buffers": "4.4.0",
          "System.Memory": "4.5.1",
          "System.Threading.Tasks.Extensions": "4.5.1"
        }
      },
      "System.Memory": {
        "type": "Transitive",
        "resolved": "4.5.3",
        "contentHash": "3oDzvc/zzetpTKWMShs1AADwZjQ/36HnsufHRPcOjyRAAMLDlu2iD33MBI2opxnezcVUtXyqDXXjoFMOU9c7SA==",
        "dependencies": {
          "System.Buffers": "4.4.0",
          "System.Numerics.Vectors": "4.4.0",
          "System.Runtime.CompilerServices.Unsafe": "4.5.2"
        }
      },
      "System.Numerics.Vectors": {
        "type": "Transitive",
        "resolved": "4.5.0",
        "contentHash": "QQTlPTl06J/iiDbJCiepZ4H//BVraReU4O4EoRw1U02H5TLUIT7xn3GnDp9AXPSlJUDyFs4uWjWafNX6WrAojQ=="
      },
      "System.Reflection.Metadata": {
        "type": "Transitive",
        "resolved": "1.6.0",
        "contentHash": "COC1aiAJjCoA5GBF+QKL2uLqEBew4JsCkQmoHKbN3TlOZKa2fKLz5CpiRQKDz0RsAOEGsVKqOD5bomsXq/4STQ==",
        "dependencies": {
          "System.Collections.Immutable": "1.5.0"
        }
      },
      "System.Runtime.CompilerServices.Unsafe": {
        "type": "Transitive",
        "resolved": "4.5.2",
        "contentHash": "wprSFgext8cwqymChhrBLu62LMg/1u92bU+VOwyfBimSPVFXtsNqEWC92Pf9ofzJFlk4IHmJA75EDJn1b2goAQ=="
      },
      "System.Security.AccessControl": {
        "type": "Transitive",
        "resolved": "4.7.0",
        "contentHash": "JECvTt5aFF3WT3gHpfofL2MNNP6v84sxtXxpqhLBCcDRzqsPBmHhQ6shv4DwwN2tRlzsUxtb3G9M3763rbXKDg==",
        "dependencies": {
          "System.Security.Principal.Windows": "4.7.0"
        }
      },
      "System.Security.Cryptography.Cng": {
        "type": "Transitive",
        "resolved": "4.5.0",
        "contentHash": "WG3r7EyjUe9CMPFSs6bty5doUqT+q9pbI80hlNzo2SkPkZ4VTuZkGWjpp77JB8+uaL4DFPRdBsAY+DX3dBK92A=="
      },
      "System.Security.Cryptography.ProtectedData": {
        "type": "Transitive",
        "resolved": "4.7.0",
        "contentHash": "ehYW0m9ptxpGWvE4zgqongBVWpSDU/JCFD4K7krxkQwSz/sFQjEXCUqpvencjy6DYDbn7Ig09R8GFffu8TtneQ==",
        "dependencies": {
          "System.Memory": "4.5.3"
        }
      },
      "System.Security.Permissions": {
        "type": "Transitive",
        "resolved": "4.7.0",
        "contentHash": "dkOV6YYVBnYRa15/yv004eCGRBVADXw8qRbbNiCn/XpdJSUXkkUeIvdvFHkvnko4CdKMqG8yRHC4ox83LSlMsQ==",
        "dependencies": {
          "System.Security.AccessControl": "4.7.0"
        }
      },
      "System.Security.Principal.Windows": {
        "type": "Transitive",
        "resolved": "4.7.0",
        "contentHash": "ojD0PX0XhneCsUbAZVKdb7h/70vyYMDYs85lwEI+LngEONe/17A0cFaRFqZU+sOEidcVswYWikYOQ9PPfjlbtQ=="
      },
      "System.Text.Encodings.Web": {
        "type": "Transitive",
        "resolved": "4.5.0",
        "contentHash": "Xg4G4Indi4dqP1iuAiMSwpiWS54ZghzR644OtsRCm/m/lBMG8dUBhLVN7hLm8NNrNTR+iGbshCPTwrvxZPlm4g=="
      },
      "System.Threading.Tasks.Extensions": {
        "type": "Transitive",
        "resolved": "4.5.1",
        "contentHash": "WSKUTtLhPR8gllzIWO2x6l4lmAIfbyMAiTlyXAis4QBDonXK4b4S6F8zGARX4/P8wH3DH+sLdhamCiHn+fTU1A==",
        "dependencies": {
          "System.Runtime.CompilerServices.Unsafe": "4.5.0"
        }
      }
    }
  }
}